
Microsoft Visual Studio Solution File, Format Version 12.00
# Visual Studio 15
VisualStudioVersion = 15.0.28307.271
MinimumVisualStudioVersion = 10.0.40219.1
Project("{9A19103F-16F7-4668-BE54-9A1E7A4F7556}") = "FrolfAppScoreBroadcaster", "FrolfAppScoreBroadcaster\FrolfAppScoreBroadcaster.csproj", "{FE2FBAF6-7442-4D05-85D1-BFDB4E29A652}"
EndProject
Global
	GlobalSection(SolutionConfigurationPlatforms) = preSolution
		Debug|Any CPU = Debug|Any CPU
		Release|Any CPU = Release|Any CPU
	EndGlobalSection
	GlobalSection(ProjectConfigurationPlatforms) = postSolution
		{FE2FBAF6-7442-4D05-85D1-BFDB4E29A652}.Debug|Any CPU.ActiveCfg = Debug|Any CPU
		{FE2FBAF6-7442-4D05-85D1-BFDB4E29A652}.Debug|Any CPU.Build.0 = Debug|Any CPU
		{FE2FBAF6-7442-4D05-85D1-BFDB4E29A652}.Release|Any CPU.ActiveCfg = Release|Any CPU
		{FE2FBAF6-7442-4D05-85D1-BFDB4E29A652}.Release|Any CPU.Build.0 = Release|Any CPU
	EndGlobalSection
	GlobalSection(SolutionProperties) = preSolution
		HideSolutionNode = FALSE
	EndGlobalSection
	GlobalSection(ExtensibilityGlobals) = postSolution
		SolutionGuid = {9D952766-1DC7-4DDA-AC38-1D92102215DF}
	EndGlobalSection
EndGlobal
